
Microsoft Visual Studio Solution File, Format Version 12.00
# Visual Studio 15
VisualStudioVersion = 15.0.28307.539
MinimumVisualStudioVersion = 10.0.40219.1
Project("{888888A0-9F3D-457C-B088-3A5042F75D52}") = "WebDriverTesting", "WebDriverTesting\WebDriverTesting.pyproj", "{A14B06EC-6FD0-415E-BE2F-CBD963B341DF}"
EndProject
Global
	GlobalSection(SolutionConfigurationPlatforms) = preSolution
		Debug|Any CPU = Debug|Any CPU
		Release|Any CPU = Release|Any CPU
	EndGlobalSection
	GlobalSection(ProjectConfigurationPlatforms) = postSolution
		{A14B06EC-6FD0-415E-BE2F-CBD963B341DF}.Debug|Any CPU.ActiveCfg = Debug|Any CPU
		{A14B06EC-6FD0-415E-BE2F-CBD963B341DF}.Release|Any CPU.ActiveCfg = Release|Any CPU
	EndGlobalSection
	GlobalSection(SolutionProperties) = preSolution
		HideSolutionNode = FALSE
	EndGlobalSection
	GlobalSection(ExtensibilityGlobals) = postSolution
		SolutionGuid = {E09585F9-08C2-4377-BE06-A6D42C099E71}
	EndGlobalSection
EndGlobal
